
Microsoft Visual Studio Solution File, Format Version 12.00
# Visual Studio Version 16
VisualStudioVersion = 16.0.30413.136
MinimumVisualStudioVersion = 10.0.40219.1
Project("{9A19103F-16F7-4668-BE54-9A1E7A4F7556}") = "Manage", "Manage\Manage.csproj", "{89BE3CAD-4382-4D29-9F83-BBDD005CFC23}"
EndProject
Project("{9A19103F-16F7-4668-BE54-9A1E7A4F7556}") = "Data", "Data\Data.csproj", "{7DF22879-62EC-4317-BB17-E664774D4FF2}"
EndProject
Project("{9A19103F-16F7-4668-BE54-9A1E7A4F7556}") = "Core", "Core\Core.csproj", "{87B6EA3A-437E-44C5-91A0-0A3739987F0C}"
EndProject
Global
	GlobalSection(SolutionConfigurationPlatforms) = preSolution
		Debug|Any CPU = Debug|Any CPU
		Release|Any CPU = Release|Any CPU
	EndGlobalSection
	GlobalSection(ProjectConfigurationPlatforms) = postSolution
		{89BE3CAD-4382-4D29-9F83-BBDD005CFC23}.Debug|Any CPU.ActiveCfg = Debug|Any CPU
		{89BE3CAD-4382-4D29-9F83-BBDD005CFC23}.Debug|Any CPU.Build.0 = Debug|Any CPU
		{89BE3CAD-4382-4D29-9F83-BBDD005CFC23}.Release|Any CPU.ActiveCfg = Release|Any CPU
		{89BE3CAD-4382-4D29-9F83-BBDD005CFC23}.Release|Any CPU.Build.0 = Release|Any CPU
		{7DF22879-62EC-4317-BB17-E664774D4FF2}.Debug|Any CPU.ActiveCfg = Debug|Any CPU
		{7DF22879-62EC-4317-BB17-E664774D4FF2}.Debug|Any CPU.Build.0 = Debug|Any CPU
		{7DF22879-62EC-4317-BB17-E664774D4FF2}.Release|Any CPU.ActiveCfg = Release|Any CPU
		{7DF22879-62EC-4317-BB17-E664774D4FF2}.Release|Any CPU.Build.0 = Release|Any CPU
		{87B6EA3A-437E-44C5-91A0-0A3739987F0C}.Debug|Any CPU.ActiveCfg = Debug|Any CPU
		{87B6EA3A-437E-44C5-91A0-0A3739987F0C}.Debug|Any CPU.Build.0 = Debug|Any CPU
		{87B6EA3A-437E-44C5-91A0-0A3739987F0C}.Release|Any CPU.ActiveCfg = Release|Any CPU
		{87B6EA3A-437E-44C5-91A0-0A3739987F0C}.Release|Any CPU.Build.0 = Release|Any CPU
	EndGlobalSection
	GlobalSection(SolutionProperties) = preSolution
		HideSolutionNode = FALSE
	EndGlobalSection
	GlobalSection(ExtensibilityGlobals) = postSolution
		SolutionGuid = {FEC99912-4A7C-4723-B307-7233136CF6AB}
	EndGlobalSection
EndGlobal
